
Microsoft Visual Studio Solution File, Format Version 12.00
# Visual Studio 15
VisualStudioVersion = 15.0.27703.2000
MinimumVisualStudioVersion = 10.0.40219.1
Project("{FAE04EC0-301F-11D3-BF4B-00C04F79EFBC}") = "Linq_ext", "Linq_ext\Linq_ext.csproj", "{9795D8B3-C667-4AA4-A732-78CEF7F1D65F}"
EndProject
Global
	GlobalSection(SolutionConfigurationPlatforms) = preSolution
		Debug|Any CPU = Debug|Any CPU
		Release|Any CPU = Release|Any CPU
	EndGlobalSection
	GlobalSection(ProjectConfigurationPlatforms) = postSolution
		{9795D8B3-C667-4AA4-A732-78CEF7F1D65F}.Debug|Any CPU.ActiveCfg = Debug|Any CPU
		{9795D8B3-C667-4AA4-A732-78CEF7F1D65F}.Debug|Any CPU.Build.0 = Debug|Any CPU
		{9795D8B3-C667-4AA4-A732-78CEF7F1D65F}.Release|Any CPU.ActiveCfg = Release|Any CPU
		{9795D8B3-C667-4AA4-A732-78CEF7F1D65F}.Release|Any CPU.Build.0 = Release|Any CPU
	EndGlobalSection
	GlobalSection(SolutionProperties) = preSolution
		HideSolutionNode = FALSE
	EndGlobalSection
	GlobalSection(ExtensibilityGlobals) = postSolution
		SolutionGuid = {6C434FDD-7A58-4227-BE57-049B138559C5}
	EndGlobalSection
EndGlobal
